
Microsoft Visual Studio Solution File, Format Version 12.00
# Visual Studio Version 17
VisualStudioVersion = 17.9.34728.123
MinimumVisualStudioVersion = 10.0.40219.1
Project("{9A19103F-16F7-4668-BE54-9A1E7A4F7556}") = "LHF.Business", "src\LHF.Business\LHF.Business.csproj", "{553CC062-D6D3-4E0A-8839-CB475DC093B3}"
EndProject
Project("{9A19103F-16F7-4668-BE54-9A1E7A4F7556}") = "LHF.Data", "src\LHF.Data\LHF.Data.csproj", "{D63BDE34-A0DD-42D3-B477-939B1EB9DA5F}"
EndProject
Project("{FAE04EC0-301F-11D3-BF4B-00C04F79EFBC}") = "LHF.Api", "src\LHF.Api\LHF.Api.csproj", "{922C49FF-D37F-4673-A11E-DA61514E8573}"
EndProject
Global
	GlobalSection(SolutionConfigurationPlatforms) = preSolution
		Debug|Any CPU = Debug|Any CPU
		Release|Any CPU = Release|Any CPU
	EndGlobalSection
	GlobalSection(ProjectConfigurationPlatforms) = postSolution
		{553CC062-D6D3-4E0A-8839-CB475DC093B3}.Debug|Any CPU.ActiveCfg = Debug|Any CPU
		{553CC062-D6D3-4E0A-8839-CB475DC093B3}.Debug|Any CPU.Build.0 = Debug|Any CPU
		{553CC062-D6D3-4E0A-8839-CB475DC093B3}.Release|Any CPU.ActiveCfg = Release|Any CPU
		{553CC062-D6D3-4E0A-8839-CB475DC093B3}.Release|Any CPU.Build.0 = Release|Any CPU
		{D63BDE34-A0DD-42D3-B477-939B1EB9DA5F}.Debug|Any CPU.ActiveCfg = Debug|Any CPU
		{D63BDE34-A0DD-42D3-B477-939B1EB9DA5F}.Debug|Any CPU.Build.0 = Debug|Any CPU
		{D63BDE34-A0DD-42D3-B477-939B1EB9DA5F}.Release|Any CPU.ActiveCfg = Release|Any CPU
		{D63BDE34-A0DD-42D3-B477-939B1EB9DA5F}.Release|Any CPU.Build.0 = Release|Any CPU
		{922C49FF-D37F-4673-A11E-DA61514E8573}.Debug|Any CPU.ActiveCfg = Debug|Any CPU
		{922C49FF-D37F-4673-A11E-DA61514E8573}.Debug|Any CPU.Build.0 = Debug|Any CPU
		{922C49FF-D37F-4673-A11E-DA61514E8573}.Release|Any CPU.ActiveCfg = Release|Any CPU
		{922C49FF-D37F-4673-A11E-DA61514E8573}.Release|Any CPU.Build.0 = Release|Any CPU
	EndGlobalSection
	GlobalSection(SolutionProperties) = preSolution
		HideSolutionNode = FALSE
	EndGlobalSection
	GlobalSection(ExtensibilityGlobals) = postSolution
		SolutionGuid = {068BC692-D70A-435D-A76D-4DF643CFF992}
	EndGlobalSection
EndGlobal
